{
  "name": "@zimjs/pizzazz",
  "version": "1.0.0",
  "lockfileVersion": 2,
  "requires": true,
  "packages": {
    "": {
      "name": "@zimjs/pizzazz",
      "version": "1.0.0",
      "license": "MIT",
      "devDependencies": {
        "zimjs": "^16.0.2"
      }
    },
    "node_modules/@danzen/createjs": {
      "version": "1.4.1",
      "resolved": "https://registry.npmjs.org/@danzen/createjs/-/createjs-1.4.1.tgz",
      "integrity": "sha512-SePzvkxOLakAO7sFlcZfLtMxhpk7qD0OQVXM1xOWTHvk5SMDUoIEWP4ntA/X07LO6zdLOMrD1Ki+yq2nQzbTMg==",
      "dev": true
    },
    "node_modules/zimjs": {
      "version": "16.0.2",
      "resolved": "https://registry.npmjs.org/zimjs/-/zimjs-16.0.2.tgz",
      "integrity": "sha512-N32YVtkvC4ZJHNrFl+5HMNmT7G7NLYrZ6uMX5XXcxJHqPrUeBBMH64T5YBvpJQYzeu/VTG9KJugqJ9AggHvnqA==",
      "dev": true,
      "dependencies": {
        "@danzen/createjs": "^1.4.1"
      }
    }
  },
  "dependencies": {
    "@danzen/createjs": {
      "version": "1.4.1",
      "resolved": "https://registry.npmjs.org/@danzen/createjs/-/createjs-1.4.1.tgz",
      "integrity": "sha512-SePzvkxOLakAO7sFlcZfLtMxhpk7qD0OQVXM1xOWTHvk5SMDUoIEWP4ntA/X07LO6zdLOMrD1Ki+yq2nQzbTMg==",
      "dev": true
    },
    "zimjs": {
      "version": "16.0.2",
      "resolved": "https://registry.npmjs.org/zimjs/-/zimjs-16.0.2.tgz",
      "integrity": "sha512-N32YVtkvC4ZJHNrFl+5HMNmT7G7NLYrZ6uMX5XXcxJHqPrUeBBMH64T5YBvpJQYzeu/VTG9KJugqJ9AggHvnqA==",
      "dev": true,
      "requires": {
        "@danzen/createjs": "^1.4.1"
      }
    }
  }
}
